
Microsoft Visual Studio Solution File, Format Version 12.00
# Visual Studio 15
VisualStudioVersion = 15.0.26228.4
MinimumVisualStudioVersion = 10.0.40219.1
Project("{FAE04EC0-301F-11D3-BF4B-00C04F79EFBC}") = "save-file-DB", "Me-save-file-DB\save-file-DB.csproj", "{A01715DF-67EA-4AB0-844F-460031E2E4EE}"
EndProject
Global
	GlobalSection(SolutionConfigurationPlatforms) = preSolution
		Debug|Any CPU = Debug|Any CPU
		Release|Any CPU = Release|Any CPU
	EndGlobalSection
	GlobalSection(ProjectConfigurationPlatforms) = postSolution
		{A01715DF-67EA-4AB0-844F-460031E2E4EE}.Debug|Any CPU.ActiveCfg = Debug|Any CPU
		{A01715DF-67EA-4AB0-844F-460031E2E4EE}.Debug|Any CPU.Build.0 = Debug|Any CPU
		{A01715DF-67EA-4AB0-844F-460031E2E4EE}.Release|Any CPU.ActiveCfg = Release|Any CPU
		{A01715DF-67EA-4AB0-844F-460031E2E4EE}.Release|Any CPU.Build.0 = Release|Any CPU
	EndGlobalSection
	GlobalSection(SolutionProperties) = preSolution
		HideSolutionNode = FALSE
	EndGlobalSection
EndGlobal
